
Microsoft Visual Studio Solution File, Format Version 12.00
# Visual Studio 2012
Project("{FAE04EC0-301F-11D3-BF4B-00C04F79EFBC}") = "MvcBasics", "MvcBasics\MvcBasics.csproj", "{4B974625-6B4E-49E6-B541-10B59B45370E}"
EndProject
Project("{FAE04EC0-301F-11D3-BF4B-00C04F79EFBC}") = "MvcBasics.Tests", "MvcBasics.Tests\MvcBasics.Tests.csproj", "{45CB3E72-12EB-4577-84C9-920E18EE2DF7}"
EndProject
Global
	GlobalSection(SolutionConfigurationPlatforms) = preSolution
		Debug|Any CPU = Debug|Any CPU
		Release|Any CPU = Release|Any CPU
	EndGlobalSection
	GlobalSection(ProjectConfigurationPlatforms) = postSolution
		{4B974625-6B4E-49E6-B541-10B59B45370E}.Debug|Any CPU.ActiveCfg = Debug|Any CPU
		{4B974625-6B4E-49E6-B541-10B59B45370E}.Debug|Any CPU.Build.0 = Debug|Any CPU
		{4B974625-6B4E-49E6-B541-10B59B45370E}.Release|Any CPU.ActiveCfg = Release|Any CPU
		{4B974625-6B4E-49E6-B541-10B59B45370E}.Release|Any CPU.Build.0 = Release|Any CPU
		{45CB3E72-12EB-4577-84C9-920E18EE2DF7}.Debug|Any CPU.ActiveCfg = Debug|Any CPU
		{45CB3E72-12EB-4577-84C9-920E18EE2DF7}.Debug|Any CPU.Build.0 = Debug|Any CPU
		{45CB3E72-12EB-4577-84C9-920E18EE2DF7}.Release|Any CPU.ActiveCfg = Release|Any CPU
		{45CB3E72-12EB-4577-84C9-920E18EE2DF7}.Release|Any CPU.Build.0 = Release|Any CPU
	EndGlobalSection
	GlobalSection(SolutionProperties) = preSolution
		HideSolutionNode = FALSE
	EndGlobalSection
EndGlobal
